
Microsoft Visual Studio Solution File, Format Version 12.00
# Visual Studio Version 17
VisualStudioVersion = 17.4.32916.344
MinimumVisualStudioVersion = 10.0.40219.1
Project("{9A19103F-16F7-4668-BE54-9A1E7A4F7556}") = "TCPClient", "TCPClient\TCPClient.csproj", "{4EADD1E8-D19A-45B7-8041-07E623BBF34C}"
EndProject
Project("{9A19103F-16F7-4668-BE54-9A1E7A4F7556}") = "TCPServer", "TCPServer\TCPServer.csproj", "{A3F223F9-71F0-4147-A7E5-62D8B457DD03}"
EndProject
Global
	GlobalSection(SolutionConfigurationPlatforms) = preSolution
		Debug|Any CPU = Debug|Any CPU
		Release|Any CPU = Release|Any CPU
	EndGlobalSection
	GlobalSection(ProjectConfigurationPlatforms) = postSolution
		{4EADD1E8-D19A-45B7-8041-07E623BBF34C}.Debug|Any CPU.ActiveCfg = Debug|Any CPU
		{4EADD1E8-D19A-45B7-8041-07E623BBF34C}.Debug|Any CPU.Build.0 = Debug|Any CPU
		{4EADD1E8-D19A-45B7-8041-07E623BBF34C}.Release|Any CPU.ActiveCfg = Release|Any CPU
		{4EADD1E8-D19A-45B7-8041-07E623BBF34C}.Release|Any CPU.Build.0 = Release|Any CPU
		{A3F223F9-71F0-4147-A7E5-62D8B457DD03}.Debug|Any CPU.ActiveCfg = Debug|Any CPU
		{A3F223F9-71F0-4147-A7E5-62D8B457DD03}.Debug|Any CPU.Build.0 = Debug|Any CPU
		{A3F223F9-71F0-4147-A7E5-62D8B457DD03}.Release|Any CPU.ActiveCfg = Release|Any CPU
		{A3F223F9-71F0-4147-A7E5-62D8B457DD03}.Release|Any CPU.Build.0 = Release|Any CPU
	EndGlobalSection
	GlobalSection(SolutionProperties) = preSolution
		HideSolutionNode = FALSE
	EndGlobalSection
	GlobalSection(ExtensibilityGlobals) = postSolution
		SolutionGuid = {E018E5F5-FAEB-4005-8A79-C735ED42AAF4}
	EndGlobalSection
EndGlobal
